
Microsoft Visual Studio Solution File, Format Version 12.00
# Visual Studio Version 17
VisualStudioVersion = 17.5.33516.290
MinimumVisualStudioVersion = 10.0.40219.1
Project("{FAE04EC0-301F-11D3-BF4B-00C04F79EFBC}") = "ToDoListAPI", "ToDoListAPI\ToDoListAPI.csproj", "{A7342A90-0443-4D0A-966F-FA05443E7ACE}"
EndProject
Global
	GlobalSection(SolutionConfigurationPlatforms) = preSolution
		Debug|Any CPU = Debug|Any CPU
		Release|Any CPU = Release|Any CPU
	EndGlobalSection
	GlobalSection(ProjectConfigurationPlatforms) = postSolution
		{A7342A90-0443-4D0A-966F-FA05443E7ACE}.Debug|Any CPU.ActiveCfg = Debug|Any CPU
		{A7342A90-0443-4D0A-966F-FA05443E7ACE}.Debug|Any CPU.Build.0 = Debug|Any CPU
		{A7342A90-0443-4D0A-966F-FA05443E7ACE}.Release|Any CPU.ActiveCfg = Release|Any CPU
		{A7342A90-0443-4D0A-966F-FA05443E7ACE}.Release|Any CPU.Build.0 = Release|Any CPU
	EndGlobalSection
	GlobalSection(SolutionProperties) = preSolution
		HideSolutionNode = FALSE
	EndGlobalSection
	GlobalSection(ExtensibilityGlobals) = postSolution
		SolutionGuid = {5F2BA415-2B48-4DE7-A128-D296668577A3}
	EndGlobalSection
EndGlobal
